
Microsoft Visual Studio Solution File, Format Version 12.00
# Visual Studio 15
VisualStudioVersion = 15.0.26124.0
MinimumVisualStudioVersion = 15.0.26124.0
Project("{FAE04EC0-301F-11D3-BF4B-00C04F79EFBC}") = "MvcApp", "MvcApp\MvcApp.csproj", "{3F324822-08B1-457E-A31D-27D7B0633979}"
EndProject
Project("{FAE04EC0-301F-11D3-BF4B-00C04F79EFBC}") = "MvcApp.DataAccess", "MvcApp.DataAccess\MvcApp.DataAccess.csproj", "{2C758B3D-BB2E-4CA9-9309-85B2DFE1F8B7}"
EndProject
Project("{FAE04EC0-301F-11D3-BF4B-00C04F79EFBC}") = "MvcApp.Domain", "MvcApp.Domain\MvcApp.Domain.csproj", "{CCE4D81D-3534-4B6B-8FA6-6A9B911B4756}"
EndProject
Global
	GlobalSection(SolutionConfigurationPlatforms) = preSolution
		Debug|Any CPU = Debug|Any CPU
		Debug|x64 = Debug|x64
		Debug|x86 = Debug|x86
		Release|Any CPU = Release|Any CPU
		Release|x64 = Release|x64
		Release|x86 = Release|x86
	EndGlobalSection
	GlobalSection(SolutionProperties) = preSolution
		HideSolutionNode = FALSE
	EndGlobalSection
	GlobalSection(ProjectConfigurationPlatforms) = postSolution
		{3F324822-08B1-457E-A31D-27D7B0633979}.Debug|Any CPU.ActiveCfg = Debug|Any CPU
		{3F324822-08B1-457E-A31D-27D7B0633979}.Debug|Any CPU.Build.0 = Debug|Any CPU
		{3F324822-08B1-457E-A31D-27D7B0633979}.Debug|x64.ActiveCfg = Debug|Any CPU
		{3F324822-08B1-457E-A31D-27D7B0633979}.Debug|x64.Build.0 = Debug|Any CPU
		{3F324822-08B1-457E-A31D-27D7B0633979}.Debug|x86.ActiveCfg = Debug|Any CPU
		{3F324822-08B1-457E-A31D-27D7B0633979}.Debug|x86.Build.0 = Debug|Any CPU
		{3F324822-08B1-457E-A31D-27D7B0633979}.Release|Any CPU.ActiveCfg = Release|Any CPU
		{3F324822-08B1-457E-A31D-27D7B0633979}.Release|Any CPU.Build.0 = Release|Any CPU
		{3F324822-08B1-457E-A31D-27D7B0633979}.Release|x64.ActiveCfg = Release|Any CPU
		{3F324822-08B1-457E-A31D-27D7B0633979}.Release|x64.Build.0 = Release|Any CPU
		{3F324822-08B1-457E-A31D-27D7B0633979}.Release|x86.ActiveCfg = Release|Any CPU
		{3F324822-08B1-457E-A31D-27D7B0633979}.Release|x86.Build.0 = Release|Any CPU
		{2C758B3D-BB2E-4CA9-9309-85B2DFE1F8B7}.Debug|Any CPU.ActiveCfg = Debug|Any CPU
		{2C758B3D-BB2E-4CA9-9309-85B2DFE1F8B7}.Debug|Any CPU.Build.0 = Debug|Any CPU
		{2C758B3D-BB2E-4CA9-9309-85B2DFE1F8B7}.Debug|x64.ActiveCfg = Debug|Any CPU
		{2C758B3D-BB2E-4CA9-9309-85B2DFE1F8B7}.Debug|x64.Build.0 = Debug|Any CPU
		{2C758B3D-BB2E-4CA9-9309-85B2DFE1F8B7}.Debug|x86.ActiveCfg = Debug|Any CPU
		{2C758B3D-BB2E-4CA9-9309-85B2DFE1F8B7}.Debug|x86.Build.0 = Debug|Any CPU
		{2C758B3D-BB2E-4CA9-9309-85B2DFE1F8B7}.Release|Any CPU.ActiveCfg = Release|Any CPU
		{2C758B3D-BB2E-4CA9-9309-85B2DFE1F8B7}.Release|Any CPU.Build.0 = Release|Any CPU
		{2C758B3D-BB2E-4CA9-9309-85B2DFE1F8B7}.Release|x64.ActiveCfg = Release|Any CPU
		{2C758B3D-BB2E-4CA9-9309-85B2DFE1F8B7}.Release|x64.Build.0 = Release|Any CPU
		{2C758B3D-BB2E-4CA9-9309-85B2DFE1F8B7}.Release|x86.ActiveCfg = Release|Any CPU
		{2C758B3D-BB2E-4CA9-9309-85B2DFE1F8B7}.Release|x86.Build.0 = Release|Any CPU
		{CCE4D81D-3534-4B6B-8FA6-6A9B911B4756}.Debug|Any CPU.ActiveCfg = Debug|Any CPU
		{CCE4D81D-3534-4B6B-8FA6-6A9B911B4756}.Debug|Any CPU.Build.0 = Debug|Any CPU
		{CCE4D81D-3534-4B6B-8FA6-6A9B911B4756}.Debug|x64.ActiveCfg = Debug|Any CPU
		{CCE4D81D-3534-4B6B-8FA6-6A9B911B4756}.Debug|x64.Build.0 = Debug|Any CPU
		{CCE4D81D-3534-4B6B-8FA6-6A9B911B4756}.Debug|x86.ActiveCfg = Debug|Any CPU
		{CCE4D81D-3534-4B6B-8FA6-6A9B911B4756}.Debug|x86.Build.0 = Debug|Any CPU
		{CCE4D81D-3534-4B6B-8FA6-6A9B911B4756}.Release|Any CPU.ActiveCfg = Release|Any CPU
		{CCE4D81D-3534-4B6B-8FA6-6A9B911B4756}.Release|Any CPU.Build.0 = Release|Any CPU
		{CCE4D81D-3534-4B6B-8FA6-6A9B911B4756}.Release|x64.ActiveCfg = Release|Any CPU
		{CCE4D81D-3534-4B6B-8FA6-6A9B911B4756}.Release|x64.Build.0 = Release|Any CPU
		{CCE4D81D-3534-4B6B-8FA6-6A9B911B4756}.Release|x86.ActiveCfg = Release|Any CPU
		{CCE4D81D-3534-4B6B-8FA6-6A9B911B4756}.Release|x86.Build.0 = Release|Any CPU
	EndGlobalSection
EndGlobal
